
Microsoft Visual Studio Solution File, Format Version 12.00
# Visual Studio Version 16
VisualStudioVersion = 16.0.31613.86
MinimumVisualStudioVersion = 10.0.40219.1
Project("{9A19103F-16F7-4668-BE54-9A1E7A4F7556}") = "Practica", "Practica.csproj", "{A5749330-2906-49E0-9BCD-5E840A943C20}"
EndProject
Global
	GlobalSection(SolutionConfigurationPlatforms) = preSolution
		Debug|Any CPU = Debug|Any CPU
		Release|Any CPU = Release|Any CPU
	EndGlobalSection
	GlobalSection(ProjectConfigurationPlatforms) = postSolution
		{A5749330-2906-49E0-9BCD-5E840A943C20}.Debug|Any CPU.ActiveCfg = Debug|Any CPU
		{A5749330-2906-49E0-9BCD-5E840A943C20}.Debug|Any CPU.Build.0 = Debug|Any CPU
		{A5749330-2906-49E0-9BCD-5E840A943C20}.Release|Any CPU.ActiveCfg = Release|Any CPU
		{A5749330-2906-49E0-9BCD-5E840A943C20}.Release|Any CPU.Build.0 = Release|Any CPU
	EndGlobalSection
	GlobalSection(SolutionProperties) = preSolution
		HideSolutionNode = FALSE
	EndGlobalSection
	GlobalSection(ExtensibilityGlobals) = postSolution
		SolutionGuid = {A8302D74-6EFE-467A-A239-66FFAABC86C2}
	EndGlobalSection
EndGlobal
